PODS:
  - EasyPay (0.9.72):
    - Sentry (~> 8.25.2)
  - Sentry (8.25.2):
    - Sentry/Core (= 8.25.2)
  - Sentry/Core (8.25.2)

DEPENDENCIES:
  - EasyPay (from `../`)

SPEC REPOS:
  trunk:
    - Sentry

EXTERNAL SOURCES:
  EasyPay:
    :path: "../"

SPEC CHECKSUMS:
  EasyPay: b88b7fa5ce7b7d6bb5da6a47d5a7ab7d7705fd63
  Sentry: 51b056d96914a741f63eca774d118678b1eb05a1

PODFILE CHECKSUM: bf0dcb16da5ec1a0da829dff185db310273eb359

COCOAPODS: 1.15.2
