PODS:
  - EasyPay (1.0.4):
    - IOSSecuritySuite (= 1.9.11)
    - Sentry (~> 8.35.0)
  - IOSSecuritySuite (1.9.11)
  - Sentry (8.35.1):
    - Sentry/Core (= 8.35.1)
  - Sentry/Core (8.35.1)

DEPENDENCIES:
  - EasyPay (from `../`)

SPEC REPOS:
  trunk:
    - IOSSecuritySuite
    - Sentry

EXTERNAL SOURCES:
  EasyPay:
    :path: "../"

SPEC CHECKSUMS:
  EasyPay: 09286bad9057d3168c20d37ed2b7cf7fc2283c67
  IOSSecuritySuite: b51056d5411aee567153ca86ce7f6edfdc5d2654
  Sentry: 1fe34e9c2cbba1e347623610d26db121dcb569f1

PODFILE CHECKSUM: bf0dcb16da5ec1a0da829dff185db310273eb359

COCOAPODS: 1.15.2
