{
  "pins" : [
    {
      "identity" : "sentry-cocoa",
      "kind" : "remoteSourceControl",
      "location" : "https://github.com/getsentry/sentry-cocoa.git",
      "state" : {
        "revision" : "82af013792dca3784a2dc5e7f975159fb9d263b3",
        "version" : "8.25.0"
      }
    }
  ],
  "version" : 2
}
